
Microsoft Visual Studio Solution File, Format Version 12.00
# Visual Studio Version 16
VisualStudioVersion = 16.0.31911.196
MinimumVisualStudioVersion = 10.0.40219.1
Project("{FAE04EC0-301F-11D3-BF4B-00C04F79EFBC}") = "OrionApi", "OrionApi.csproj", "{9C327B25-C8B9-4E79-AC24-467518884B1E}"
EndProject
Global
	GlobalSection(SolutionConfigurationPlatforms) = preSolution
		Debug|Any CPU = Debug|Any CPU
		Release|Any CPU = Release|Any CPU
	EndGlobalSection
	GlobalSection(ProjectConfigurationPlatforms) = postSolution
		{9C327B25-C8B9-4E79-AC24-467518884B1E}.Debug|Any CPU.ActiveCfg = Debug|Any CPU
		{9C327B25-C8B9-4E79-AC24-467518884B1E}.Debug|Any CPU.Build.0 = Debug|Any CPU
		{9C327B25-C8B9-4E79-AC24-467518884B1E}.Release|Any CPU.ActiveCfg = Release|Any CPU
		{9C327B25-C8B9-4E79-AC24-467518884B1E}.Release|Any CPU.Build.0 = Release|Any CPU
	EndGlobalSection
	GlobalSection(SolutionProperties) = preSolution
		HideSolutionNode = FALSE
	EndGlobalSection
	GlobalSection(ExtensibilityGlobals) = postSolution
		SolutionGuid = {72B7B8B7-6B58-4B01-8B9F-2E4FB60E56DC}
	EndGlobalSection
EndGlobal
